version = 1
revision = 3
requires-python = ">=3.11"
resolution-markers = [
    "python_full_version >= '3.12'",
    "python_full_version < '3.12'",
]

[[package]]
name = "fpc-isolation-sphere"
version = "0.1.0"
source = { virtual = "." }
dependencies = [
    { name = "manifold3d" },
    { name = "numpy" },
    { name = "rtree" },
    { name = "trimesh" },
]

[package.metadata]
requires-dist = [
    { name = "manifold3d", specifier = ">=3.5.0" },
    { name = "numpy", specifier = ">=2.4.6" },
    { name = "rtree", specifier = ">=1.4.1" },
    { name = "trimesh", specifier = ">=4.12.2" },
]

[[package]]
name = "manifold3d"
version = "3.5.0"
source = { registry = "https://pypi.org/simple" }
dependencies = [
    { name = "numpy" },
]
sdist = { url = "https://files.pythonhosted.org/packages/f6/e5/b61f0ae60793e91c42f4b1e7b4fcba4aaf4b99c43552caff568f67a5e0e4/manifold3d-3.5.0.tar.gz", hash = "sha256:d43d8614dadab7db9ade5cd459cde0640f3f99a91466947aa17334b9e9369b82", size = 300919, upload-time = "2026-05-23T05:05:40.238Z" }
wheels = [
    { url = "https://files.pythonhosted.org/packages/26/a4/5578b24c3d45f2a4d1b63e973501d20e28e0381e5c5f1da8723c09a9adb1/manifold3d-3.5.0-cp311-cp311-macosx_10_14_universal2.whl", hash = "sha256:4b7b4fae67ecdff22383af06609ae1d0b7d30c2d1b2efed0e749697ce6afccf1", size = 1849326, upload-time = "2026-05-23T05:04:30.545Z" },
    { url = "https://files.pythonhosted.org/packages/19/20/6abced8a081d2d4e897799d896364ccaf6dcc964a9228e12f261261af937/manifold3d-3.5.0-cp311-cp311-macosx_10_14_x86_64.whl", hash = "sha256:d429c71109321348e82284de9786b24c5d1ad6f3331be7dcd341561dcf08ed51", size = 1012926, upload-time = "2026-05-23T05:04:32.233Z" },
    { url = "https://files.pythonhosted.org/packages/75/04/5af6df8f78f5d391f797985a716800dcdce7be86593d6bc2113febf3870f/manifold3d-3.5.0-cp311-cp311-macosx_11_0_arm64.whl", hash = "sha256:486ce34f5ecb6850f87bcf5d01c466c052f972e98a34fe2b25fbbbbac41ef139", size = 885093, upload-time = "2026-05-23T05:04:33.942Z" },
    { url = "https://files.pythonhosted.org/packages/2f/a4/5331f244b2b0b8daa33c1066b8e373200cad6cf3d59c3581d506340057e9/manifold3d-3.5.0-cp311-cp311-manylinux_2_26_aarch64.manylinux_2_28_aarch64.whl", hash = "sha256:2e33ea03d966c629e151c2587363055ace78cb82fcd8e13459ec5f62cdd7fda9", size = 1328373, upload-time = "2026-05-23T05:04:36.157Z" },
    { url = "https://files.pythonhosted.org/packages/40/12/ef8fedd65123f729fb01711cc6cb02e053836bd52f11076d98925e12df68/manifold3d-3.5.0-cp311-cp311-manylinux_2_27_x86_64.manylinux_2_28_x86_64.whl", hash = "sha256:fc75a58a5570a7ec8cc9987eb9ddb6eeddf4affd9b93f49445c0cca1f1c1ba24", size = 1443345, upload-time = "2026-05-23T05:04:37.939Z" },
    { url = "https://files.pythonhosted.org/packages/23/a9/d5911b0d24fc407e8feabd1b0b6f41bdc895e6af58b7899459fc806afeae/manifold3d-3.5.0-cp311-cp311-win_amd64.whl", hash = "sha256:cf8272ee76c8541c183b2c8bea07be384efcbbc733f3edbef720e8bec3b95b45", size = 1034824, upload-time = "2026-05-23T05:04:39.675Z" },
    { url = "https://files.pythonhosted.org/packages/d1/97/2d222dc50cf331937836acfc61366215ee8a00fb2b4cce0bc8be91ce4bcd/manifold3d-3.5.0-cp312-cp312-macosx_10_14_universal2.whl", hash = "sha256:79ffa285df6d5ad9250c064756fe50ae7a8c6bb9a21b72bb1692d4c37a620202", size = 1848791, upload-time = "2026-05-23T05:04:41.678Z" },
    { url = "https://files.pythonhosted.org/packages/ca/8f/710b64ab447a8940368fb96ab5f592e6354328686f617ac9f0e76e03aa3d/manifold3d-3.5.0-cp312-cp312-macosx_10_14_x86_64.whl", hash = "sha256:01246fdf671baaa87a48c6006f985c0a3b75a33c9339214e1c512a937b3d471a", size = 1013105, upload-time = "2026-05-23T05:04:43.41Z" },
    { url = "https://files.pythonhosted.org/packages/cf/5a/506be337bde6e8247c5757223bd0d4179d880c2b4a24bcc466420d9ac832/manifold3d-3.5.0-cp312-cp312-macosx_11_0_arm64.whl", hash = "sha256:7a095c5ab0c82c3e269d1367aca13b30f4e8d3262e38129202dcf406ab5645cc", size = 884304, upload-time = "2026-05-23T05:04:45.468Z" },
    { url = "https://files.pythonhosted.org/packages/1f/1a/83de823c8d10fb4902249004e4e50357fada7a941862409df1298f755417/manifold3d-3.5.0-cp312-cp312-manylinux_2_26_aarch64.manylinux_2_28_aarch64.whl", hash = "sha256:fed7bcbfb6b143448d5fac6b4d8b654fd185c0d0a1e18f2b1c4bacd839656c3b", size = 1329560, upload-time = "2026-05-23T05:04:47.149Z" },
    { url = "https://files.pythonhosted.org/packages/6b/fa/63e9b1cc5261de75f885836688b14c4361c6752e7688dd04d37a1c88c0f0/manifold3d-3.5.0-cp312-cp312-manylinux_2_27_x86_64.manylinux_2_28_x86_64.whl", hash = "sha256:d12e817ca7751edd4978b399d21f00ac9e79a6d0fdbe8b2cd05d4f9a9ed81a08", size = 1445435, upload-time = "2026-05-23T05:04:48.868Z" },
    { url = "https://files.pythonhosted.org/packages/c4/8d/760483c6533472349c3aba95fa5984bc16a8cb3b9cab23ac0079dbfb930d/manifold3d-3.5.0-cp312-cp312-win_amd64.whl", hash = "sha256:684f0daaaab66ea305d0820fcee9ac440c5fe12105797839c4e9b89afe0af89f", size = 1033565, upload-time = "2026-05-23T05:04:50.651Z" },
    { url = "https://files.pythonhosted.org/packages/0e/7e/21cc87332147a72ba80becfcab0db6fd0e4175d6a950471348cdd498e76c/manifold3d-3.5.0-cp313-cp313-macosx_10_14_universal2.whl", hash = "sha256:4514646be7f3e8feb2186bd8a7ccd6519e45e547cfc63e16494f4e25f72fbfa7", size = 1848659, upload-time = "2026-05-23T05:04:52.714Z" },
    { url = "https://files.pythonhosted.org/packages/f7/d2/43dd997c9ad5a6909ca5eef3b56b28894dae834e3792dd704789fa6869e4/manifold3d-3.5.0-cp313-cp313-macosx_10_14_x86_64.whl", hash = "sha256:6731f071b8f7abbe523f18051cbfd0fa62ffbfadcd73592c49f30ec3499f35ad", size = 1013009, upload-time = "2026-05-23T05:04:54.381Z" },
    { url = "https://files.pythonhosted.org/packages/6e/ae/11ac40f395f486dc87df59bcfeded8d39ac5f7ab31a48bd044699f65deb1/manifold3d-3.5.0-cp313-cp313-macosx_11_0_arm64.whl", hash = "sha256:6f44cccdaf5d2166b08f9e152c69a284b96c1fd9fcac16799e83fee81fba1425", size = 884304, upload-time = "2026-05-23T05:04:56.185Z" },
    { url = "https://files.pythonhosted.org/packages/f3/55/4cedb280bd1331143964609b4a6f258988418770ca4af4f580f8b3b6c197/manifold3d-3.5.0-cp313-cp313-manylinux_2_26_aarch64.manylinux_2_28_aarch64.whl", hash = "sha256:1d080887a67e80ad6edc8f5e49d936fd913cb8d93a3d56aff6341dfa88f17f2a", size = 1329215, upload-time = "2026-05-23T05:04:57.865Z" },
    { url = "https://files.pythonhosted.org/packages/a4/6d/1a6caa477e84c8cf476786eb2009c9865456d8da040ee55ed7b5da103f41/manifold3d-3.5.0-cp313-cp313-manylinux_2_27_x86_64.manylinux_2_28_x86_64.whl", hash = "sha256:c8fb203f32525b9ef2a8badfea88b08c1d5170a864a0a23d09fe895088056fa4", size = 1445393, upload-time = "2026-05-23T05:04:59.608Z" },
    { url = "https://files.pythonhosted.org/packages/4e/bf/50f3913b0f3902b112f44673b8c850afd9368c72365f438f2f4b0ad2cd58/manifold3d-3.5.0-cp313-cp313-win_amd64.whl", hash = "sha256:ab2c5edfa5af8c5131753f764cf3054d309dd1c92a35f2055acab7cb24d8dd9a", size = 1033542, upload-time = "2026-05-23T05:05:02.135Z" },
    { url = "https://files.pythonhosted.org/packages/90/13/8b3f37f9bc1f053c71b1fa2e4b6231f4918a34f35e6f68d78e2630482a80/manifold3d-3.5.0-cp314-cp314-macosx_10_15_universal2.whl", hash = "sha256:6b1631de1951f6f5b89a17445a59afc33f77edbabd732b8eb887f7822ceff966", size = 1848595, upload-time = "2026-05-23T05:05:04.251Z" },
    { url = "https://files.pythonhosted.org/packages/2d/0c/0e077cdde1231e04c3b87dbb0605a99692f95948cc7a4b13f39d331413be/manifold3d-3.5.0-cp314-cp314-macosx_10_15_x86_64.whl", hash = "sha256:e3a93f32729ac864ffe86964c1c371fa518af6e4cc53cf33719ff17ecff0d737", size = 1013023, upload-time = "2026-05-23T05:05:05.914Z" },
    { url = "https://files.pythonhosted.org/packages/67/e9/de6d332f6ae9a951f03dd86a04f453dc6edad9739eefdea9cd059e1820d2/manifold3d-3.5.0-cp314-cp314-macosx_11_0_arm64.whl", hash = "sha256:aeeb00088b756deeacf94a84c7d7363ba3387e82f3bf9d612ac2664edb52ef3d", size = 884183, upload-time = "2026-05-23T05:05:07.84Z" },
    { url = "https://files.pythonhosted.org/packages/69/63/9af35717a8e638304885dbc5b793e441f0ba0764168161f7548fdc6b72ac/manifold3d-3.5.0-cp314-cp314-manylinux_2_26_aarch64.manylinux_2_28_aarch64.whl", hash = "sha256:cae5483d2ec631991304a4a35ad7c091705c45b33eecb80b41a7e54c94316528", size = 1330108, upload-time = "2026-05-23T05:05:09.99Z" },
    { url = "https://files.pythonhosted.org/packages/12/9e/38bc18893c5369e81ea45433abc403e9534fbeb95d7f4e6aabd618269ba7/manifold3d-3.5.0-cp314-cp314-manylinux_2_27_x86_64.manylinux_2_28_x86_64.whl", hash = "sha256:e8a8d59e3f356823091034903bf62f1b8acf0d3c9b93c6b21a356f5a6050491e", size = 1445474, upload-time = "2026-05-23T05:05:12.013Z" },
    { url = "https://files.pythonhosted.org/packages/08/9d/a2c0ccefe5869819ddef73ddceea0e353d05ad2830dc0c5ce6655aa15583/manifold3d-3.5.0-cp314-cp314-win_amd64.whl", hash = "sha256:8bd7de6a39bf430b6816a30df52461bcfb5e0427f53dcf157d7ddc07eae0b7a2", size = 1065036, upload-time = "2026-05-23T05:05:14.255Z" },
    { url = "https://files.pythonhosted.org/packages/05/05/980533da003278ea43a8cddeb8dabfec9f80a86bfb2991638e2334940231/manifold3d-3.5.0-cp314-cp314t-macosx_10_15_universal2.whl", hash = "sha256:ce6dbd4380c46831ba0d1958bbc6c5649b5a44528e6075ac8d7c302fa90b77fc", size = 1857612, upload-time = "2026-05-23T05:05:16.551Z" },
    { url = "https://files.pythonhosted.org/packages/ff/34/6b3738bf379786b23ae49222f44e58bc7a34455c50da08a1cf320a7a3b0f/manifold3d-3.5.0-cp314-cp314t-macosx_10_15_x86_64.whl", hash = "sha256:cf08a461bcc7ff83edaf8e64a6cb32b5f13b0bf63649d18db8fd5b85ed21d6f8", size = 1016497, upload-time = "2026-05-23T05:05:18.218Z" },
    { url = "https://files.pythonhosted.org/packages/df/1b/17219c86609407973822dfba0100f05b99fb2d04abe09516b7d1d5a868e8/manifold3d-3.5.0-cp314-cp314t-macosx_11_0_arm64.whl", hash = "sha256:d303d5ab8991a5fdfaadd722aca970acb4f7b5e0069ddd291e92df11a03b2e69", size = 888473, upload-time = "2026-05-23T05:05:19.878Z" },
    { url = "https://files.pythonhosted.org/packages/6f/92/33c79a5774efb8c7edc64cad49ed6f2a0dbf4aed662ab5cad15119e6920e/manifold3d-3.5.0-cp314-cp314t-manylinux_2_26_aarch64.manylinux_2_28_aarch64.whl", hash = "sha256:86701e3214283d14e760cbaca16c43a28cac1f45e0cad295bbfdd6ebd61bd85b", size = 1336788, upload-time = "2026-05-23T05:05:21.711Z" },
    { url = "https://files.pythonhosted.org/packages/b2/1b/bbf7ca28806a5d81acd85d21ec223cb197f466a672184294870d2817732d/manifold3d-3.5.0-cp314-cp314t-manylinux_2_27_x86_64.manylinux_2_28_x86_64.whl", hash = "sha256:6329c7034218efcae0fc7dfb789b8710d9b212dfd09eea1b8b845dd50fc71209", size = 1451571, upload-time = "2026-05-23T05:05:23.908Z" },
    { url = "https://files.pythonhosted.org/packages/e9/db/06ef9a4c34d0914d9ab27c9b5267338469a55a17e4ec2934c5080c947bd2/manifold3d-3.5.0-cp314-cp314t-win_amd64.whl", hash = "sha256:08b30f59e6af8b57f577bcb8caa5cae28d0ee5c5efe5d94c047f85deeaee0f31", size = 1076577, upload-time = "2026-05-23T05:05:25.844Z" },
]

[[package]]
name = "numpy"
version = "2.4.6"
source = { registry = "https://pypi.org/simple" }
sdist = { url = "https://files.pythonhosted.org/packages/d0/ad/fed0499ce6a338d2a03ebae59cd15093910c8875328855781952abf6c2fe/numpy-2.4.6.tar.gz", hash = "sha256:f3a3570c4a2a16746ac2c31a7c7c7b0c186b95ce902e33db6f28094ed7387dda", size = 20735807, upload-time = "2026-05-18T23:37:14.07Z" }
wheels = [
    { url = "https://files.pythonhosted.org/packages/b3/49/ec46835a70be8fa6446c495126ac84fdb28cb2558e1620ffb87a10c8b64c/numpy-2.4.6-cp311-cp311-macosx_10_9_x86_64.whl", hash = "sha256:0280e0356c0829a18d9de1cb7eee50ec22ca639878d7240307ca0943d73cd2c4", size = 16969194, upload-time = "2026-05-18T23:33:13.503Z" },
    { url = "https://files.pythonhosted.org/packages/0e/0d/f5957185c0ee2f3e12f78715aa9e3b353fd83633316c8532b38faa37e3f6/numpy-2.4.6-cp311-cp311-macosx_11_0_arm64.whl", hash = "sha256:110f8b71aacb688ec69062bb7f6938a0f8acb01b7c1c4beb453c65b6d234584d", size = 14964111, upload-time = "2026-05-18T23:33:17.795Z" },
    { url = "https://files.pythonhosted.org/packages/ad/40/40a40ee0ddf7ceb782c49af278894b686e586d65d8c1889c8b5da01a3d7d/numpy-2.4.6-cp311-cp311-macosx_14_0_arm64.whl", hash = "sha256:4cfe66903cc32a9921a6733d96b19bb6abf310397581bbad89c228f5abaf0ee8", size = 5469159, upload-time = "2026-05-18T23:33:20.654Z" },
    { url = "https://files.pythonhosted.org/packages/63/13/f9a8046535cb21deae82f8d03de9617e08882d274fad2539630761888228/numpy-2.4.6-cp311-cp311-macosx_14_0_x86_64.whl", hash = "sha256:8155154c7c691289fe18f510b5d4657c68c67989f293f0535a91360392ff6538", size = 6798936, upload-time = "2026-05-18T23:33:22.987Z" },
    { url = "https://files.pythonhosted.org/packages/33/a8/6fa8c1a345a8c85dbb21932c447bee07c30a2c2a3f31e369c0a84b300147/numpy-2.4.6-cp311-cp311-manylinux_2_27_aarch64.manylinux_2_28_aarch64.whl", hash = "sha256:0ab0a9c4ffb1a6d95ef519fe4247dba8eb6b18ad93999f76b7f657039acabd47", size = 15966692, upload-time = "2026-05-18T23:33:26.62Z" },
    { url = "https://files.pythonhosted.org/packages/02/03/74fe2a4cb3817d94d86402f2506554130a2f01414e299b5a843e5a8a957f/numpy-2.4.6-cp311-cp311-manylinux_2_27_x86_64.manylinux_2_28_x86_64.whl", hash = "sha256:89cd468399cfd2504718f0ba50e410dca55a170b61a02ad92bb18c8a65186e93", size = 16918164, upload-time = "2026-05-18T23:33:29.955Z" },
    { url = "https://files.pythonhosted.org/packages/c5/80/3615be3313f7e7696609bc194b9f0101da809df79e859bdb84e0cd043f46/numpy-2.4.6-cp311-cp311-musllinux_1_2_aarch64.whl", hash = "sha256:c2d37ab77531417474168eb79d6d80b14f821a966818505d03013d0833edb7a8", size = 17322877, upload-time = "2026-05-18T23:33:34.724Z" },
    { url = "https://files.pythonhosted.org/packages/ca/ac/a691e0fe2675e370d0e08ff905adc49a1c8830e8cae03efe4477e92cd55d/numpy-2.4.6-cp311-cp311-musllinux_1_2_x86_64.whl", hash = "sha256:f407cb6b8e9d6d8c626bc73c945db1706035af8fd632295547bf1c9e46d092d6", size = 18651487, upload-time = "2026-05-18T23:33:38.217Z" },
    { url = "https://files.pythonhosted.org/packages/15/a7/9bc1cd626d7bf6869bfedf27b91b6ab5dd607758bf8e959d6fa80c6a59cb/numpy-2.4.6-cp311-cp311-win32.whl", hash = "sha256:ddea102b48f9e339f3948bf22040944184627a30fdf7f858667673b9c5f033c8", size = 6233945, upload-time = "2026-05-18T23:33:41.331Z" },
    { url = "https://files.pythonhosted.org/packages/c5/31/7fc6239c12bce7e931463251cca4426c465e1876ba3cc785402ef4dd8f4e/numpy-2.4.6-cp311-cp311-win_amd64.whl", hash = "sha256:1e254a00cdf42b1e4d5b3d68d33af63268d41340d8885df2ab6470f2e1500147", size = 12608406, upload-time = "2026-05-18T23:33:44.131Z" },
    { url = "https://files.pythonhosted.org/packages/27/83/140f85a466595a16382996a1bf06b2b54bcd597488921b0c9daaeeda72af/numpy-2.4.6-cp311-cp311-win_arm64.whl", hash = "sha256:ed9749eef4cbd126da3dc1d6bcb3a57f5eb7ac6a6484146bdbf743f552dfc577", size = 10479528, upload-time = "2026-05-18T23:33:50.725Z" },
    { url = "https://files.pythonhosted.org/packages/95/2a/3d7b5ac8aac24feaf9ad7ed58f45b0bbc06d37e4338ae84c9f2298b570f9/numpy-2.4.6-cp312-cp312-macosx_10_13_x86_64.whl", hash = "sha256:001fbb8e08d942dd57599e781f2472269ee7f2755fae407b4f67b2f0b17da3f1", size = 16689119, upload-time = "2026-05-18T23:33:54.065Z" },
    { url = "https://files.pythonhosted.org/packages/ea/12/92c4c131527599e8288d6918e888d88726f84d805d784b771f32408aeaef/numpy-2.4.6-cp312-cp312-macosx_11_0_arm64.whl", hash = "sha256:ebfb099f8dcf083deef3ac1ca4c1503f387cf76296fcb3816b66f5ecb5f54fdb", size = 14699246, upload-time = "2026-05-18T23:33:57.621Z" },
    { url = "https://files.pythonhosted.org/packages/ad/fe/c0a6b7b2ca128a8fb228575147073b660656734b8ebe4d76c8fd748dcc79/numpy-2.4.6-cp312-cp312-macosx_14_0_arm64.whl", hash = "sha256:3213d622a0283a39a93d188f3cf72b26862df52fbb4ca3697f51705016523d41", size = 5204410, upload-time = "2026-05-18T23:34:00.302Z" },
    { url = "https://files.pythonhosted.org/packages/f3/d4/9770d14ba719432bb90a421bfd443872ed0f70f7264b64bec12ea363d5fd/numpy-2.4.6-cp312-cp312-macosx_14_0_x86_64.whl", hash = "sha256:357cc07a6d7b0b182ff02249616a03742827ebb1277546b5c7cd7f7620a45698", size = 6551240, upload-time = "2026-05-18T23:34:02.852Z" },
    { url = "https://files.pythonhosted.org/packages/c9/c6/50a46a6205feba2343f1d6d17438107c5dc491ed1c736e6ea68689fd906b/numpy-2.4.6-cp312-cp312-manylinux_2_27_aarch64.manylinux_2_28_aarch64.whl", hash = "sha256:5f9fb9157b4ce2971008323afe46053787b526ef624fea915b261468a8421a0f", size = 15671012, upload-time = "2026-05-18T23:34:05.485Z" },
    { url = "https://files.pythonhosted.org/packages/99/60/14115e6364fa676c5397c2ad3004e527e9aa487abf5d0706ec81bbd08529/numpy-2.4.6-cp312-cp312-manylinux_2_27_x86_64.manylinux_2_28_x86_64.whl", hash = "sha256:90f9849678c75fe7afa2d348ac842c168b0a4d3d61919687216dfc547976d853", size = 16645538, upload-time = "2026-05-18T23:34:09.265Z" },
    { url = "https://files.pythonhosted.org/packages/ae/c5/693cbe59e57db94d2231fa519ca3978dc9e19da5a8f088588f5c6e947ff2/numpy-2.4.6-cp312-cp312-musllinux_1_2_aarch64.whl", hash = "sha256:c1a2af6c6ef86344a6b0db6b97834208bf598db514f2b155042439b62605601a", size = 17020706, upload-time = "2026-05-18T23:34:13.053Z" },
    { url = "https://files.pythonhosted.org/packages/ef/fc/85b7c4eff9b4966ade25c2273cf7e7012e92366c032058653934b37de044/numpy-2.4.6-cp312-cp312-musllinux_1_2_x86_64.whl", hash = "sha256:e5805d5a22fd19c8ccff10a9561f9df94436b0545619ea579db2d3c35294bce2", size = 18368541, upload-time = "2026-05-18T23:34:17.024Z" },
    { url = "https://files.pythonhosted.org/packages/f6/81/e1b27545deedce7f4a0b348618c6b62d74e36a4dc9ccd42f3eb2f85eee32/numpy-2.4.6-cp312-cp312-win32.whl", hash = "sha256:e3eeb0aabd6bd5ce64faae67e9935203a6991b4bc2a485a767fbafb2c5125f45", size = 5962825, upload-time = "2026-05-18T23:34:20.3Z" },
    { url = "https://files.pythonhosted.org/packages/ab/ca/feab00bd44aa5fe1ad2c18f08b4d3bb92e26484b0b1d1443897809ed528c/numpy-2.4.6-cp312-cp312-win_amd64.whl", hash = "sha256:d8e8286dd7cea7895157318d1b91cdacac64c479f3cbc8dce548331728484751", size = 12321687, upload-time = "2026-05-18T23:34:23.095Z" },
    { url = "https://files.pythonhosted.org/packages/63/cf/5a6d34850a39d1093558564f77ee8e8e0bee5061151b8f05a55711001ec7/numpy-2.4.6-cp312-cp312-win_arm64.whl", hash = "sha256:4081eb135ac24158bd51cdfbef16f1c64df7063b1143f24731387137c092bec8", size = 10221482, upload-time = "2026-05-18T23:34:25.876Z" },
    { url = "https://files.pythonhosted.org/packages/fb/82/bdab26d7438c6791ca31b7c024ca37c1eab8b726ba236129005cd4a06e45/numpy-2.4.6-cp313-cp313-macosx_10_13_x86_64.whl", hash = "sha256:511dbaf848decaaaf4b4ca48032619fb3138710c4bf7da7617765edad1ef96b0", size = 16684648, upload-time = "2026-05-18T23:34:29.41Z" },
    { url = "https://files.pythonhosted.org/packages/1b/30/a80189bcc7f5e4258b3fbc3968d909d1756f54d023299ecc39ad6fdb9ef8/numpy-2.4.6-cp313-cp313-macosx_11_0_arm64.whl", hash = "sha256:bf162abab1c1a736333192707cef898e735a5ca00f38f27eeedf44b39d9e85eb", size = 14693902, upload-time = "2026-05-18T23:34:33.013Z" },
    { url = "https://files.pythonhosted.org/packages/97/12/70b5d0d7c15e1ebb8a6a84a8caa1d19e181d84fb58bb6d70aca29099dec1/numpy-2.4.6-cp313-cp313-macosx_14_0_arm64.whl", hash = "sha256:043191bfa8eab18c776647b62723ac9dddece59743b13f49b2016094129c2b3f", size = 5198992, upload-time = "2026-05-18T23:34:36.132Z" },
    { url = "https://files.pythonhosted.org/packages/ba/8c/ebd2a8f8a83541f8d38cc5667e8c2b69cecfd30da6e45693e8158857d44b/numpy-2.4.6-cp313-cp313-macosx_14_0_x86_64.whl", hash = "sha256:6180d8b35af935aed8ece3a85e0a43f87393ae0ac87c8d2c8bd2c993f7270ef3", size = 6546944, upload-time = "2026-05-18T23:34:38.484Z" },
    { url = "https://files.pythonhosted.org/packages/bb/c5/7b863a97a91671a0338f4253bd3b5a3d3852f0692dae91711c9f4a10e787/numpy-2.4.6-cp313-cp313-manylinux_2_27_aarch64.manylinux_2_28_aarch64.whl", hash = "sha256:72fbe16c6fac95aedf5937fa873445cec2110be35d8a4e9433d7501fd98dae6b", size = 15669392, upload-time = "2026-05-18T23:34:41.257Z" },
    { url = "https://files.pythonhosted.org/packages/a5/9d/3584b9984ca4c047aea75214ce1a4c4c73d849bd71b604264b7f5653f8a8/numpy-2.4.6-cp313-cp313-manylinux_2_27_x86_64.manylinux_2_28_x86_64.whl", hash = "sha256:a7830bab239b79cda9c08c2da014761cafb48da6150e1da17ac06283f43b6089", size = 16633220, upload-time = "2026-05-18T23:34:45.075Z" },
    { url = "https://files.pythonhosted.org/packages/05/ae/7c67fba23bd98caec7c99261f3a16072ade14813486b0282cb29846de832/numpy-2.4.6-cp313-cp313-musllinux_1_2_aarch64.whl", hash = "sha256:ef4aea96ce4d3b074422cb4f2f64e216bf9e213004bb58ecfdf50ea02ea8eb9a", size = 17020800, upload-time = "2026-05-18T23:34:49.065Z" },
    { url = "https://files.pythonhosted.org/packages/d9/5d/3b6725cb31d983c5e66916f5d36f6d7e5521129e4c4404d64f918292a5b6/numpy-2.4.6-cp313-cp313-musllinux_1_2_x86_64.whl", hash = "sha256:dfa20cc6ca228e6b155b11da03825975ce66aea520985dbbddf0f2a5a495c605", size = 18357600, upload-time = "2026-05-18T23:34:52.709Z" },
    { url = "https://files.pythonhosted.org/packages/f7/da/2ccc6c2fe8898dee01d90c75c5f5f914a23daf99e3e0f59516a08760c8b5/numpy-2.4.6-cp313-cp313-win32.whl", hash = "sha256:56b39e5e0622a09a25bf5baf62f4bcf0cb8a41ae6e2819cf49bbc5a74c083f91", size = 5961134, upload-time = "2026-05-18T23:34:55.618Z" },
    { url = "https://files.pythonhosted.org/packages/b5/cd/9cc4dc876fb065d5c220aae4d5e14826b2715331bb7618ce1fb07a679d99/numpy-2.4.6-cp313-cp313-win_amd64.whl", hash = "sha256:c4fc99836233ea196540b17ab0983aff60ed07941751930f5f4d05bc3b3b7359", size = 12318598, upload-time = "2026-05-18T23:34:58.928Z" },
    { url = "https://files.pythonhosted.org/packages/39/1e/c0bcba1f8694116485fe28fd1be698c278fcda4141c5b0e53a2aed8b12a8/numpy-2.4.6-cp313-cp313-win_arm64.whl", hash = "sha256:a7c711e21628b52034bb5ab8d1bce291f752fcc5e92accc615778acee1ff4778", size = 10222272, upload-time = "2026-05-18T23:35:02.167Z" },
    { url = "https://files.pythonhosted.org/packages/63/6d/cc5619247c8f4204e507f5883528372e4ac4bb189e579fb859a12e480b1f/numpy-2.4.6-cp313-cp313t-macosx_11_0_arm64.whl", hash = "sha256:112b06a867b235ef466ed3508ddf0238050df9c727cafb5301ac385b899189a1", size = 14821197, upload-time = "2026-05-18T23:35:05.468Z" },
    { url = "https://files.pythonhosted.org/packages/00/58/f1c39161c87d9e9bed660f1ed4bafc0e403d5ec9650b6dd77aead07d489b/numpy-2.4.6-cp313-cp313t-macosx_14_0_arm64.whl", hash = "sha256:eaf7fa2de5c0be8ae6ff8e9bea2ccd725e980541244521d8d4b5f3354a27babe", size = 5326287, upload-time = "2026-05-18T23:35:08.693Z" },
    { url = "https://files.pythonhosted.org/packages/af/57/3917ab0fd97f271a8694513581b8a36c655f111c446852c302f04ccdb6fc/numpy-2.4.6-cp313-cp313t-macosx_14_0_x86_64.whl", hash = "sha256:7265a2f3d436e54ef9f2b52b5c937e6be778781bd97a590319d7348f1c1ca997", size = 6646763, upload-time = "2026-05-18T23:35:11.459Z" },
    { url = "https://files.pythonhosted.org/packages/eb/0f/037e64c494b67581ae18193d770adef354c41f3f2c8ebf865602d949bf8f/numpy-2.4.6-cp313-cp313t-manylinux_2_27_aarch64.manylinux_2_28_aarch64.whl", hash = "sha256:f74a575920ab21fe304421a3fc28793d82e299cae9eccb37084e9fc7f3617c20", size = 15728070, upload-time = "2026-05-18T23:35:14.79Z" },
    { url = "https://files.pythonhosted.org/packages/21/a6/5d2bae9c9542eb4df16dc9c46dc79c186e9bad53805dfa5399a6023c6db0/numpy-2.4.6-cp313-cp313t-manylinux_2_27_x86_64.manylinux_2_28_x86_64.whl", hash = "sha256:ede83e07a75dd06bc501566c1eca2afc0d61677c1472ac9ad93fdee6e638a48d", size = 16681752, upload-time = "2026-05-18T23:35:18.836Z" },
    { url = "https://files.pythonhosted.org/packages/92/14/23d1dfb410ae362cd59ce53e936b1513d545eb40db3949ced632e19a459e/numpy-2.4.6-cp313-cp313t-musllinux_1_2_aarch64.whl", hash = "sha256:68bb27509ac1b9a3443094260f6326150663b06abe40b73a2f81160623da5b67", size = 17086024, upload-time = "2026-05-18T23:35:22.52Z" },
    { url = "https://files.pythonhosted.org/packages/4b/6e/23595a2c642cdf3bc567877064bdd7f91c8b0038a4453cf2daf7248eafe9/numpy-2.4.6-cp313-cp313t-musllinux_1_2_x86_64.whl", hash = "sha256:a0df0043bdb289bde1f62da130d20df23d58b45429f752bc7a8fc5325a225ecd", size = 18403398, upload-time = "2026-05-18T23:35:26.398Z" },
    { url = "https://files.pythonhosted.org/packages/8a/90/0ac3bc947217e66dec77e7cbc6a1979d1af70b6461b82f620d3bccd5e4c8/numpy-2.4.6-cp313-cp313t-win32.whl", hash = "sha256:29a287e0cf63ff528da061de6b9f64a4618da591ca1046aafc54062e40ca7eab", size = 6084971, upload-time = "2026-05-18T23:35:29.387Z" },
    { url = "https://files.pythonhosted.org/packages/77/71/5673e351671a1d2bd6063b91b44f70c0affea7d1516fa7a6572941ba4aa1/numpy-2.4.6-cp313-cp313t-win_amd64.whl", hash = "sha256:25c692919ac5a01f170a3bfcd62d745b24fd095c353d50812637d6fcab442e75", size = 12458532, upload-time = "2026-05-18T23:35:32.175Z" },
    { url = "https://files.pythonhosted.org/packages/3f/88/19d3503c5046e688f049274b27a3ef3d771152fa80d3ba3d01a3dff61abe/numpy-2.4.6-cp313-cp313t-win_arm64.whl", hash = "sha256:1e978ec1e8bd0e0e4de6bb75de9d30cbb74db6b6a2bb727618613703ca0167dd", size = 10291881, upload-time = "2026-05-18T23:35:35.465Z" },
    { url = "https://files.pythonhosted.org/packages/f8/91/3ab2044d05fd16d343c5ac2e69b127f1b2854040dd20b193257c78028bd3/numpy-2.4.6-cp314-cp314-macosx_10_15_x86_64.whl", hash = "sha256:06ca2f61ec4385a07a6977c55ba998a4466c123642b4a32694d3128fce18c079", size = 16683458, upload-time = "2026-05-18T23:35:38.353Z" },
    { url = "https://files.pythonhosted.org/packages/8e/62/764ce66fa4147ae6d73071a3abf804ffe606f174618697c571acdf26a7c9/numpy-2.4.6-cp314-cp314-macosx_11_0_arm64.whl", hash = "sha256:38efbc8de75c7a0fc1ac190162d892787f3f47b57cc291231aafee36b80982b7", size = 14704559, upload-time = "2026-05-18T23:35:42.14Z" },
    { url = "https://files.pythonhosted.org/packages/60/61/23f27c172f022e04025b7dc2367f4d63c1a398120607ec896228649a6f48/numpy-2.4.6-cp314-cp314-macosx_14_0_arm64.whl", hash = "sha256:d581b735e177fdcdce6fed8e7e8880a3fb6ee4e3653a3ac6af01c6f4c03effc5", size = 5209716, upload-time = "2026-05-18T23:35:45.377Z" },
    { url = "https://files.pythonhosted.org/packages/03/71/21cf70dc6ea3e3acb95fc53a265b2fc248b981f0194ceb5b475271b8809d/numpy-2.4.6-cp314-cp314-macosx_14_0_x86_64.whl", hash = "sha256:0a041d3d761dc3c35cc56ce0351506a02bcbc25f7b169f652435141a17db9096", size = 6543947, upload-time = "2026-05-18T23:35:47.926Z" },
    { url = "https://files.pythonhosted.org/packages/d5/91/64288395ee1799bd2e0b04a305dce9666da90c961e1f3fe982a05ee1c036/numpy-2.4.6-cp314-cp314-manylinux_2_27_aarch64.manylinux_2_28_aarch64.whl", hash = "sha256:40fdc1ae7125e518ea98e53e69a4ebc27e1fd50510c47b7ea130cf21e5e1d42b", size = 15685197, upload-time = "2026-05-18T23:35:50.863Z" },
    { url = "https://files.pythonhosted.org/packages/f3/eb/ebffaa97dc55502df69584a8f0dcf07f69a3e0b3e2323670a2722db9aa39/numpy-2.4.6-cp314-cp314-manylinux_2_27_x86_64.manylinux_2_28_x86_64.whl", hash = "sha256:a2c306dea656c12c68f51f4cea133cbe78ca7435eb28c735eac1d3ebe73be6e8", size = 16638245, upload-time = "2026-05-18T23:35:54.752Z" },
    { url = "https://files.pythonhosted.org/packages/b8/0b/54f9da33128d7e350fab89c7455902eeae70349ee52bddb448dc4a576f45/numpy-2.4.6-cp314-cp314-musllinux_1_2_aarch64.whl", hash = "sha256:33111801a01c12a8a1e3721f0a9232f8cfc8ae2c6b7098167e6f623c6073f402", size = 17036587, upload-time = "2026-05-18T23:35:58.355Z" },
    { url = "https://files.pythonhosted.org/packages/b6/f0/fdebc1052db1cc37c64beb22072d67cd6d1c71adca1299f53dec2b5e20d3/numpy-2.4.6-cp314-cp314-musllinux_1_2_x86_64.whl", hash = "sha256:ae506e6902902557576a26ff33eda8695e7ecb3cb36c3b573a0765dee114ebdb", size = 18363226, upload-time = "2026-05-18T23:36:02.845Z" },
    { url = "https://files.pythonhosted.org/packages/aa/b4/298628d98c72b57e57f7165ae6a481a1deaf6f3c28262a6e4c739c275930/numpy-2.4.6-cp314-cp314-win32.whl", hash = "sha256:aaf159caa35993cb1f56fb9b8e4610d35758e7ca005412eb1daa856a78c9c4b1", size = 6010196, upload-time = "2026-05-18T23:36:05.92Z" },
    { url = "https://files.pythonhosted.org/packages/df/ac/46de6dda46478f7942f839e094970be2d4a861e005c4b3bf07c92e291a09/numpy-2.4.6-cp314-cp314-win_amd64.whl", hash = "sha256:b507f5c4c1d508876d1819b6bf9a49d365b96320b5d4993426b33a23ca4b8261", size = 12450334, upload-time = "2026-05-18T23:36:09.107Z" },
    { url = "https://files.pythonhosted.org/packages/78/92/b8b798ac784102c0da830d2257d59358e3d3d90d1e2b3f2575dad976c5cf/numpy-2.4.6-cp314-cp314-win_arm64.whl", hash = "sha256:6f41ae150c4e32db4f3310cdaf64b1593a03dbabe29eec77fc9b50fe64061df6", size = 10495678, upload-time = "2026-05-18T23:36:12.766Z" },
    { url = "https://files.pythonhosted.org/packages/30/34/ec28d1aa8115971537c01469ab2011ee96827930f0a124de1000cc2a7ed7/numpy-2.4.6-cp314-cp314t-macosx_11_0_arm64.whl", hash = "sha256:ece3d2cfe132e7d51f44a832b303895e6f2d499c5e74dfbdb06ee246147a304a", size = 14823672, upload-time = "2026-05-18T23:36:16.473Z" },
    { url = "https://files.pythonhosted.org/packages/16/bd/f6d1fede4e54e8042a7ff97bb495510f3c220f94bcd9e8b228e87c92cc0d/numpy-2.4.6-cp314-cp314t-macosx_14_0_arm64.whl", hash = "sha256:e3e5193ef5a3dc73bceee50f7fdc2c90dbb76c42df8d8fae3d1067a583df579e", size = 5328731, upload-time = "2026-05-18T23:36:19.767Z" },
    { url = "https://files.pythonhosted.org/packages/f4/f0/e105b9e2fd728a9910103884decd6951d9dd73896b914a98d9a231de02ee/numpy-2.4.6-cp314-cp314t-macosx_14_0_x86_64.whl", hash = "sha256:17f9ade344e7d9b464a084d69bcf18fc691cb1db67c62ed80820bf4926d78f0e", size = 6649805, upload-time = "2026-05-18T23:36:22.266Z" },
    { url = "https://files.pythonhosted.org/packages/82/dd/1206a7ca6ab15e3f02069707ca96222e202af681bb73756da7527f3cb837/numpy-2.4.6-cp314-cp314t-manylinux_2_27_aarch64.manylinux_2_28_aarch64.whl", hash = "sha256:9cd5ffd25db4e7ba6a375693b3fc0fc1791ec636c17db3720da19bde7180ec43", size = 15730496, upload-time = "2026-05-18T23:36:25.713Z" },
    { url = "https://files.pythonhosted.org/packages/51/e7/38d3ea825dcab85a591734decb2f6c67caa7c8367d374df1a1c3842f9b07/numpy-2.4.6-cp314-cp314t-manylinux_2_27_x86_64.manylinux_2_28_x86_64.whl", hash = "sha256:7d92c3819208a60205a12a245c91ad70cb0a85336659b19b834205573ac8456e", size = 16679616, upload-time = "2026-05-18T23:36:29.652Z" },
    { url = "https://files.pythonhosted.org/packages/93/b7/caabfdf53edf663e0b4eb74d7d405d83baef09eb5e83bcd32d601d72b93e/numpy-2.4.6-cp314-cp314t-musllinux_1_2_aarch64.whl", hash = "sha256:e85b752a1e912b70eaad4fafbd4d1238007ab221de2009b9a2f5ae7461239895", size = 17085145, upload-time = "2026-05-18T23:36:33.449Z" },
    { url = "https://files.pythonhosted.org/packages/f9/45/68d7c33a6bcf3e5aa3bdbd57a367e6f615286dfd6482f97e8ffeb734306e/numpy-2.4.6-cp314-cp314t-musllinux_1_2_x86_64.whl", hash = "sha256:29cb7f67d10b479ff07c17d33e39f78c07f71c40ef30d63c153d340e96cd3fb4", size = 18403813, upload-time = "2026-05-18T23:36:37.369Z" },
    { url = "https://files.pythonhosted.org/packages/9c/50/0753655aa844c99cd9e018aacf76f130f1bd81d881bb74bc0aef5d73a8ba/numpy-2.4.6-cp314-cp314t-win32.whl", hash = "sha256:260a5d70215b61ab4fadf5c7baacd64821842975eea312125ed3c39a6391b063", size = 6156982, upload-time = "2026-05-18T23:36:40.817Z" },
    { url = "https://files.pythonhosted.org/packages/b2/d4/7c67becf668f973cb490cec3e98dfd799d866f9c989a54d355672cfa0db6/numpy-2.4.6-cp314-cp314t-win_amd64.whl", hash = "sha256:81a1cca95ed5bb92aa8b10dd2cdc9a0d3853a50fad926c28b5d7e8ea54389627", size = 12638908, upload-time = "2026-05-18T23:36:43.996Z" },
    { url = "https://files.pythonhosted.org/packages/43/bb/e1c71a4295b1b1d1393d50dbb4f2a36283c6859d9d3892e84f00ec5a91d5/numpy-2.4.6-cp314-cp314t-win_arm64.whl", hash = "sha256:0c9136e14ed34a9e343a31c533d78a9813a69a3148332bce5e9821cb2f996e66", size = 10565867, upload-time = "2026-05-18T23:36:47.114Z" },
    { url = "https://files.pythonhosted.org/packages/de/12/b422cc84439adc0d00de605bf4a308890ae5c26f2c71fbd73e5d08fbb0dd/numpy-2.4.6-pp311-pypy311_pp73-macosx_10_15_x86_64.whl", hash = "sha256:55cced7c52e981362f708ad635198e97a752dfba412cc03c23bbf3bd8d5cd662", size = 16847511, upload-time = "2026-05-18T23:36:50.673Z" },
    { url = "https://files.pythonhosted.org/packages/44/53/f481bef68011740f8849418d82db07230e825013f31f4eef5ba5b805316a/numpy-2.4.6-pp311-pypy311_pp73-macosx_11_0_arm64.whl", hash = "sha256:d6da64deb6b8ed903e7560180a92f2d804ee1ba5eeb849ac2748b8c1aba1f6d7", size = 14889064, upload-time = "2026-05-18T23:36:53.879Z" },
    { url = "https://files.pythonhosted.org/packages/7f/57/42ed575c10ced8af951d426bc4e1f8aff16fd851db33f067036215a7f860/numpy-2.4.6-pp311-pypy311_pp73-macosx_14_0_arm64.whl", hash = "sha256:68a5124b13fa6cc2086764a20005d30bc0548146f7f5322f02fce212ca14317f", size = 5394157, upload-time = "2026-05-18T23:36:57.194Z" },
    { url = "https://files.pythonhosted.org/packages/6a/ef/f66cc724fcc36c1e364c67f51ae9146090b8b584f27d58b97fdae3edd737/numpy-2.4.6-pp311-pypy311_pp73-macosx_14_0_x86_64.whl", hash = "sha256:948424b06129ce883307e8cff868c31396d8dc7630a59c61d70d98dbe70f222c", size = 6708728, upload-time = "2026-05-18T23:36:59.575Z" },
    { url = "https://files.pythonhosted.org/packages/1a/9c/c531f2293b91265d8b48e9b329f54fdd7ffae73cb4134ea10cca4237e9cc/numpy-2.4.6-pp311-pypy311_pp73-manylinux_2_27_aarch64.manylinux_2_28_aarch64.whl", hash = "sha256:5dbbdb29840ca3d91ee0fece42fc29278886d908280bfec0a5846c6f901a3eb0", size = 15798374, upload-time = "2026-05-18T23:37:02.674Z" },
    { url = "https://files.pythonhosted.org/packages/1a/b0/413077f6b1153ed3cba361401c6783bbad6114804a000cc22eb71c13e190/numpy-2.4.6-pp311-pypy311_pp73-manylinux_2_27_x86_64.manylinux_2_28_x86_64.whl", hash = "sha256:8ad03c0965fb3c692200e74d458ca28c1dbb4ce96f9a479a8aa041ad5fabca02", size = 16747286, upload-time = "2026-05-18T23:37:06.327Z" },
    { url = "https://files.pythonhosted.org/packages/15/ce/e5ec180bc41812edcd8daeb8639d205622c0e8c02259d8ab25a0201b3c2a/numpy-2.4.6-pp311-pypy311_pp73-win_amd64.whl", hash = "sha256:2803abfebfc990042cd494d8ce2d5f82e9d847af6d35ec486923aa19dbad5e73", size = 12504263, upload-time = "2026-05-18T23:37:09.715Z" },
]

[[package]]
name = "rtree"
version = "1.4.1"
source = { registry = "https://pypi.org/simple" }
sdist = { url = "https://files.pythonhosted.org/packages/95/09/7302695875a019514de9a5dd17b8320e7a19d6e7bc8f85dcfb79a4ce2da3/rtree-1.4.1.tar.gz", hash = "sha256:c6b1b3550881e57ebe530cc6cffefc87cd9bf49c30b37b894065a9f810875e46", size = 52425, upload-time = "2025-08-13T19:32:01.413Z" }
wheels = [
    { url = "https://files.pythonhosted.org/packages/04/d9/108cd989a4c0954e60b3cdc86fd2826407702b5375f6dfdab2802e5fed98/rtree-1.4.1-py3-none-macosx_10_9_x86_64.whl", hash = "sha256:d672184298527522d4914d8ae53bf76982b86ca420b0acde9298a7a87d81d4a4", size = 468484, upload-time = "2025-08-13T19:31:50.593Z" },
    { url = "https://files.pythonhosted.org/packages/f3/cf/2710b6fd6b07ea0aef317b29f335790ba6adf06a28ac236078ed9bd8a91d/rtree-1.4.1-py3-none-macosx_11_0_arm64.whl", hash = "sha256:a7e48d805e12011c2cf739a29d6a60ae852fb1de9fc84220bbcef67e6e595d7d", size = 436325, upload-time = "2025-08-13T19:31:52.367Z" },
    { url = "https://files.pythonhosted.org/packages/55/e1/4d075268a46e68db3cac51846eb6a3ab96ed481c585c5a1ad411b3c23aad/rtree-1.4.1-py3-none-manylinux_2_24_aarch64.manylinux_2_28_aarch64.whl", hash = "sha256:efa8c4496e31e9ad58ff6c7df89abceac7022d906cb64a3e18e4fceae6b77f65", size = 459789, upload-time = "2025-08-13T19:31:53.926Z" },
    { url = "https://files.pythonhosted.org/packages/d1/75/e5d44be90525cd28503e7f836d077ae6663ec0687a13ba7810b4114b3668/rtree-1.4.1-py3-none-manylinux_2_24_x86_64.manylinux_2_28_x86_64.whl", hash = "sha256:12de4578f1b3381a93a655846900be4e3d5f4cd5e306b8b00aa77c1121dc7e8c", size = 507644, upload-time = "2025-08-13T19:31:55.164Z" },
    { url = "https://files.pythonhosted.org/packages/fd/85/b8684f769a142163b52859a38a486493b05bafb4f2fb71d4f945de28ebf9/rtree-1.4.1-py3-none-musllinux_1_2_aarch64.whl", hash = "sha256:b558edda52eca3e6d1ee629042192c65e6b7f2c150d6d6cd207ce82f85be3967", size = 1454478, upload-time = "2025-08-13T19:31:56.808Z" },
    { url = "https://files.pythonhosted.org/packages/e9/a4/c2292b95246b9165cc43a0c3757e80995d58bc9b43da5cb47ad6e3535213/rtree-1.4.1-py3-none-musllinux_1_2_x86_64.whl", hash = "sha256:f155bc8d6bac9dcd383481dee8c130947a4866db1d16cb6dff442329a038a0dc", size = 1555140, upload-time = "2025-08-13T19:31:58.031Z" },
    { url = "https://files.pythonhosted.org/packages/74/25/5282c8270bfcd620d3e73beb35b40ac4ab00f0a898d98ebeb41ef0989ec8/rtree-1.4.1-py3-none-win_amd64.whl", hash = "sha256:efe125f416fd27150197ab8521158662943a40f87acab8028a1aac4ad667a489", size = 389358, upload-time = "2025-08-13T19:31:59.247Z" },
    { url = "https://files.pythonhosted.org/packages/3f/50/0a9e7e7afe7339bd5e36911f0ceb15fed51945836ed803ae5afd661057fd/rtree-1.4.1-py3-none-win_arm64.whl", hash = "sha256:3d46f55729b28138e897ffef32f7ce93ac335cb67f9120125ad3742a220800f0", size = 355253, upload-time = "2025-08-13T19:32:00.296Z" },
]

[[package]]
name = "trimesh"
version = "4.12.2"
source = { registry = "https://pypi.org/simple" }
dependencies = [
    { name = "numpy" },
]
sdist = { url = "https://files.pythonhosted.org/packages/79/37/5cb90f04990260d2caceb6093560c6cefafca1ec522c1e43be01ca658244/trimesh-4.12.2.tar.gz", hash = "sha256:c8ca31571ac00b112e4e160e66a2d4c3491df321f056bd33806be0485d1af9d9", size = 842220, upload-time = "2026-05-01T00:57:43.333Z" }
wheels = [
    { url = "https://files.pythonhosted.org/packages/05/98/716a473cfb24750858ddd5d14e6527539dd206583a46408d08eeb2844a75/trimesh-4.12.2-py3-none-any.whl", hash = "sha256:b5b5afa63c5272345f2858f7676bc8c217dc8a89f4fadf6193fe10a81b5ff2aa", size = 741043, upload-time = "2026-05-01T00:57:40.763Z" },
]
